
Microsoft Visual Studio Solution File, Format Version 12.00
# Visual Studio Express 2012 for Windows Desktop
Project("{FAE04EC0-301F-11D3-BF4B-00C04F79EFBC}") = "TwitterClient.UI", "src\TwitterClient.UI\TwitterClient.UI.csproj", "{25BC78FC-0287-4206-A43D-2F877CFBE095}"
EndProject
Project("{FAE04EC0-301F-11D3-BF4B-00C04F79EFBC}") = "TwitterClient.ViewModel", "src\TwitterClient.ViewModel\TwitterClient.ViewModel.csproj", "{77DFDF96-9CF1-4574-91E7-621C6697B386}"
EndProject
Project("{FAE04EC0-301F-11D3-BF4B-00C04F79EFBC}") = "TwitterClient.Model", "src\TwitterClient.Model\TwitterClient.Model.csproj", "{CAB37EA0-D882-4E8E-B89D-D4593B956FC0}"
EndProject
Project("{FAE04EC0-301F-11D3-BF4B-00C04F79EFBC}") = "TwitterClient.Interfaces", "src\TwitterClient.Interfaces\TwitterClient.Interfaces.csproj", "{9D29BCF0-B1BF-463D-9265-4F2C2E8104A4}"
EndProject
Project("{FAE04EC0-301F-11D3-BF4B-00C04F79EFBC}") = "TwitterClient.Twitter", "src\TwitterClient.Twitter\TwitterClient.Twitter.csproj", "{638E3DB3-8914-41A9-ADF5-74AA786871EF}"
EndProject
Project("{2150E333-8FDC-42A3-9474-1A3956D46DE8}") = ".nuget", ".nuget", "{911AE83B-62FF-408A-8CC1-5A46B56B2AE7}"
	ProjectSection(SolutionItems) = preProject
		.nuget\NuGet.Config = .nuget\NuGet.Config
		.nuget\NuGet.exe = .nuget\NuGet.exe
		.nuget\NuGet.targets = .nuget\NuGet.targets
	EndProjectSection
EndProject
Global
	GlobalSection(SolutionConfigurationPlatforms) = preSolution
		Debug|Any CPU = Debug|Any CPU
		Debug|Mixed Platforms = Debug|Mixed Platforms
		Debug|x86 = Debug|x86
		Release|Any CPU = Release|Any CPU
		Release|Mixed Platforms = Release|Mixed Platforms
		Release|x86 = Release|x86
	EndGlobalSection
	GlobalSection(ProjectConfigurationPlatforms) = postSolution
		{25BC78FC-0287-4206-A43D-2F877CFBE095}.Debug|Any CPU.ActiveCfg = Debug|x86
		{25BC78FC-0287-4206-A43D-2F877CFBE095}.Debug|Any CPU.Build.0 = Debug|x86
		{25BC78FC-0287-4206-A43D-2F877CFBE095}.Debug|Mixed Platforms.ActiveCfg = Debug|x86
		{25BC78FC-0287-4206-A43D-2F877CFBE095}.Debug|Mixed Platforms.Build.0 = Debug|x86
		{25BC78FC-0287-4206-A43D-2F877CFBE095}.Debug|x86.ActiveCfg = Debug|x86
		{25BC78FC-0287-4206-A43D-2F877CFBE095}.Debug|x86.Build.0 = Debug|x86
		{25BC78FC-0287-4206-A43D-2F877CFBE095}.Release|Any CPU.ActiveCfg = Release|x86
		{25BC78FC-0287-4206-A43D-2F877CFBE095}.Release|Mixed Platforms.ActiveCfg = Release|x86
		{25BC78FC-0287-4206-A43D-2F877CFBE095}.Release|Mixed Platforms.Build.0 = Release|x86
		{25BC78FC-0287-4206-A43D-2F877CFBE095}.Release|x86.ActiveCfg = Release|x86
		{25BC78FC-0287-4206-A43D-2F877CFBE095}.Release|x86.Build.0 = Release|x86
		{77DFDF96-9CF1-4574-91E7-621C6697B386}.Debug|Any CPU.ActiveCfg = Debug|Any CPU
		{77DFDF96-9CF1-4574-91E7-621C6697B386}.Debug|Any CPU.Build.0 = Debug|Any CPU
		{77DFDF96-9CF1-4574-91E7-621C6697B386}.Debug|Mixed Platforms.ActiveCfg = Debug|Any CPU
		{77DFDF96-9CF1-4574-91E7-621C6697B386}.Debug|Mixed Platforms.Build.0 = Debug|Any CPU
		{77DFDF96-9CF1-4574-91E7-621C6697B386}.Debug|x86.ActiveCfg = Debug|Any CPU
		{77DFDF96-9CF1-4574-91E7-621C6697B386}.Release|Any CPU.ActiveCfg = Release|Any CPU
		{77DFDF96-9CF1-4574-91E7-621C6697B386}.Release|Any CPU.Build.0 = Release|Any CPU
		{77DFDF96-9CF1-4574-91E7-621C6697B386}.Release|Mixed Platforms.ActiveCfg = Release|Any CPU
		{77DFDF96-9CF1-4574-91E7-621C6697B386}.Release|Mixed Platforms.Build.0 = Release|Any CPU
		{77DFDF96-9CF1-4574-91E7-621C6697B386}.Release|x86.ActiveCfg = Release|Any CPU
		{CAB37EA0-D882-4E8E-B89D-D4593B956FC0}.Debug|Any CPU.ActiveCfg = Debug|Any CPU
		{CAB37EA0-D882-4E8E-B89D-D4593B956FC0}.Debug|Any CPU.Build.0 = Debug|Any CPU
		{CAB37EA0-D882-4E8E-B89D-D4593B956FC0}.Debug|Mixed Platforms.ActiveCfg = Debug|Any CPU
		{CAB37EA0-D882-4E8E-B89D-D4593B956FC0}.Debug|Mixed Platforms.Build.0 = Debug|Any CPU
		{CAB37EA0-D882-4E8E-B89D-D4593B956FC0}.Debug|x86.ActiveCfg = Debug|Any CPU
		{CAB37EA0-D882-4E8E-B89D-D4593B956FC0}.Release|Any CPU.ActiveCfg = Release|Any CPU
		{CAB37EA0-D882-4E8E-B89D-D4593B956FC0}.Release|Any CPU.Build.0 = Release|Any CPU
		{CAB37EA0-D882-4E8E-B89D-D4593B956FC0}.Release|Mixed Platforms.ActiveCfg = Release|Any CPU
		{CAB37EA0-D882-4E8E-B89D-D4593B956FC0}.Release|Mixed Platforms.Build.0 = Release|Any CPU
		{CAB37EA0-D882-4E8E-B89D-D4593B956FC0}.Release|x86.ActiveCfg = Release|Any CPU
		{9D29BCF0-B1BF-463D-9265-4F2C2E8104A4}.Debug|Any CPU.ActiveCfg = Debug|Any CPU
		{9D29BCF0-B1BF-463D-9265-4F2C2E8104A4}.Debug|Any CPU.Build.0 = Debug|Any CPU
		{9D29BCF0-B1BF-463D-9265-4F2C2E8104A4}.Debug|Mixed Platforms.ActiveCfg = Debug|Any CPU
		{9D29BCF0-B1BF-463D-9265-4F2C2E8104A4}.Debug|Mixed Platforms.Build.0 = Debug|Any CPU
		{9D29BCF0-B1BF-463D-9265-4F2C2E8104A4}.Debug|x86.ActiveCfg = Debug|Any CPU
		{9D29BCF0-B1BF-463D-9265-4F2C2E8104A4}.Release|Any CPU.ActiveCfg = Release|Any CPU
		{9D29BCF0-B1BF-463D-9265-4F2C2E8104A4}.Release|Any CPU.Build.0 = Release|Any CPU
		{9D29BCF0-B1BF-463D-9265-4F2C2E8104A4}.Release|Mixed Platforms.ActiveCfg = Release|Any CPU
		{9D29BCF0-B1BF-463D-9265-4F2C2E8104A4}.Release|Mixed Platforms.Build.0 = Release|Any CPU
		{9D29BCF0-B1BF-463D-9265-4F2C2E8104A4}.Release|x86.ActiveCfg = Release|Any CPU
		{638E3DB3-8914-41A9-ADF5-74AA786871EF}.Debug|Any CPU.ActiveCfg = Debug|Any CPU
		{638E3DB3-8914-41A9-ADF5-74AA786871EF}.Debug|Any CPU.Build.0 = Debug|Any CPU
		{638E3DB3-8914-41A9-ADF5-74AA786871EF}.Debug|Mixed Platforms.ActiveCfg = Debug|Any CPU
		{638E3DB3-8914-41A9-ADF5-74AA786871EF}.Debug|Mixed Platforms.Build.0 = Debug|Any CPU
		{638E3DB3-8914-41A9-ADF5-74AA786871EF}.Debug|x86.ActiveCfg = Debug|Any CPU
		{638E3DB3-8914-41A9-ADF5-74AA786871EF}.Release|Any CPU.ActiveCfg = Release|Any CPU
		{638E3DB3-8914-41A9-ADF5-74AA786871EF}.Release|Any CPU.Build.0 = Release|Any CPU
		{638E3DB3-8914-41A9-ADF5-74AA786871EF}.Release|Mixed Platforms.ActiveCfg = Release|Any CPU
		{638E3DB3-8914-41A9-ADF5-74AA786871EF}.Release|Mixed Platforms.Build.0 = Release|Any CPU
		{638E3DB3-8914-41A9-ADF5-74AA786871EF}.Release|x86.ActiveCfg = Release|Any CPU
	EndGlobalSection
	GlobalSection(SolutionProperties) = preSolution
		HideSolutionNode = FALSE
	EndGlobalSection
EndGlobal
